
Microsoft Visual Studio Solution File, Format Version 12.00
# Visual Studio Version 16
VisualStudioVersion = 16.0.33529.622
MinimumVisualStudioVersion = 10.0.40219.1
Project("{FAE04EC0-301F-11D3-BF4B-00C04F79EFBC}") = "SM_Conta", "SM_Conta\SM_Conta.csproj", "{6D2D93FE-DDAB-455B-A98C-EEDBB86BD100}"
EndProject
Project("{FAE04EC0-301F-11D3-BF4B-00C04F79EFBC}") = "Taxes", "..\Taxes\Taxes\Taxes.csproj", "{55886423-3B4C-4828-8300-9EF1968F5EC2}"
EndProject
Project("{FAE04EC0-301F-11D3-BF4B-00C04F79EFBC}") = "StaSofia", "..\StaSofia\StaSofia.csproj", "{18798613-3CC5-45FF-85CE-6D4ACEF2BD03}"
EndProject
Global
	GlobalSection(SolutionConfigurationPlatforms) = preSolution
		Debug|Any CPU = Debug|Any CPU
		Release|Any CPU = Release|Any CPU
	EndGlobalSection
	GlobalSection(ProjectConfigurationPlatforms) = postSolution
		{6D2D93FE-DDAB-455B-A98C-EEDBB86BD100}.Debug|Any CPU.ActiveCfg = Debug|Any CPU
		{6D2D93FE-DDAB-455B-A98C-EEDBB86BD100}.Debug|Any CPU.Build.0 = Debug|Any CPU
		{6D2D93FE-DDAB-455B-A98C-EEDBB86BD100}.Release|Any CPU.ActiveCfg = Release|Any CPU
		{6D2D93FE-DDAB-455B-A98C-EEDBB86BD100}.Release|Any CPU.Build.0 = Release|Any CPU
		{55886423-3B4C-4828-8300-9EF1968F5EC2}.Debug|Any CPU.ActiveCfg = Debug|Any CPU
		{55886423-3B4C-4828-8300-9EF1968F5EC2}.Debug|Any CPU.Build.0 = Debug|Any CPU
		{55886423-3B4C-4828-8300-9EF1968F5EC2}.Release|Any CPU.ActiveCfg = Release|Any CPU
		{55886423-3B4C-4828-8300-9EF1968F5EC2}.Release|Any CPU.Build.0 = Release|Any CPU
		{18798613-3CC5-45FF-85CE-6D4ACEF2BD03}.Debug|Any CPU.ActiveCfg = Debug|Any CPU
		{18798613-3CC5-45FF-85CE-6D4ACEF2BD03}.Debug|Any CPU.Build.0 = Debug|Any CPU
		{18798613-3CC5-45FF-85CE-6D4ACEF2BD03}.Release|Any CPU.ActiveCfg = Release|Any CPU
		{18798613-3CC5-45FF-85CE-6D4ACEF2BD03}.Release|Any CPU.Build.0 = Release|Any CPU
	EndGlobalSection
	GlobalSection(SolutionProperties) = preSolution
		HideSolutionNode = FALSE
	EndGlobalSection
	GlobalSection(ExtensibilityGlobals) = postSolution
		SolutionGuid = {C97B24BE-4CA8-4DD8-BF6B-7272F185CA25}
	EndGlobalSection
EndGlobal
